
Microsoft Visual Studio Solution File, Format Version 12.00
# Visual Studio Version 17
VisualStudioVersion = 17.2.32616.157
MinimumVisualStudioVersion = 10.0.40219.1
Project("{FAE04EC0-301F-11D3-BF4B-00C04F79EFBC}") = "TicTacToe.Api", "TicTacToe.Api\TicTacToe.Api.csproj", "{7B192047-4963-448D-91DD-3DC559DACA96}"
EndProject
Global
	GlobalSection(SolutionConfigurationPlatforms) = preSolution
		Debug|Any CPU = Debug|Any CPU
		Release|Any CPU = Release|Any CPU
	EndGlobalSection
	GlobalSection(ProjectConfigurationPlatforms) = postSolution
		{7B192047-4963-448D-91DD-3DC559DACA96}.Debug|Any CPU.ActiveCfg = Debug|Any CPU
		{7B192047-4963-448D-91DD-3DC559DACA96}.Debug|Any CPU.Build.0 = Debug|Any CPU
		{7B192047-4963-448D-91DD-3DC559DACA96}.Release|Any CPU.ActiveCfg = Release|Any CPU
		{7B192047-4963-448D-91DD-3DC559DACA96}.Release|Any CPU.Build.0 = Release|Any CPU
	EndGlobalSection
	GlobalSection(SolutionProperties) = preSolution
		HideSolutionNode = FALSE
	EndGlobalSection
	GlobalSection(ExtensibilityGlobals) = postSolution
		SolutionGuid = {31BE07D2-EFA3-49BE-AAD2-570E4D21540A}
	EndGlobalSection
EndGlobal
